// !$*UTF8*$!
{
	archiveVersion = 1;
	classes = {
	};
	objectVersion = 46;
	objects = {

/* Begin PBXBuildFile section */
		7FBEB3A61F50636B007A91FF /* AppDelegate.swift in Sources */ = {isa = PBXBuildFile; fileRef = 7FBEB3A51F50636B007A91FF /* AppDelegate.swift */; };
		7FBEB3A81F50636B007A91FF /* ViewController.swift in Sources */ = {isa = PBXBuildFile; fileRef = 7FBEB3A71F50636B007A91FF /* ViewController.swift */; };
		7FBEB3AB1F50636B007A91FF /* Main.storyboard in Resources */ = {isa = PBXBuildFile; fileRef = 7FBEB3A91F50636B007A91FF /* Main.storyboard */; };
		7FBEB3AD1F50636B007A91FF /* Assets.xcassets in Resources */ = {isa = PBXBuildFile; fileRef = 7FBEB3AC1F50636B007A91FF /* Assets.xcassets */; };
		7FBEB3B01F50636B007A91FF /* LaunchScreen.storyboard in Resources */ = {isa = PBXBuildFile; fileRef = 7FBEB3AE1F50636B007A91FF /* LaunchScreen.storyboard */; };
/* End PBXBuildFile section */

/* Begin PBXFileReference section */
		7FBEB3A21F50636B007A91FF /* ChineseZodiac.app */ = {isa = PBXFileReference; explicitFileType = wrapper.application; includeInIndex = 0; path = ChineseZodiac.app; sourceTree = BUILT_PRODUCTS_DIR; };
		7FBEB3A51F50636B007A91FF /* AppDelegate.swift */ = {isa = PBXFileReference; lastKnownFileType = sourcecode.swift; path = AppDelegate.swift; sourceTree = "<group>"; };
		7FBEB3A71F50636B007A91FF /* ViewController.swift */ = {isa = PBXFileReference; lastKnownFileType = sourcecode.swift; path = ViewController.swift; sourceTree = "<group>"; };
		7FBEB3AA1F50636B007A91FF /* Base */ = {isa = PBXFileReference; lastKnownFileType = file.storyboard; name = Base; path = Base.lproj/Main.storyboard; sourceTree = "<group>"; };
		7FBEB3AC1F50636B007A91FF /* Assets.xcassets */ = {isa = PBXFileReference; lastKnownFileType = folder.assetcatalog; path = Assets.xcassets; sourceTree = "<group>"; };
		7FBEB3AF1F50636B007A91FF /* Base */ = {isa = PBXFileReference; lastKnownFileType = file.storyboard; name = Base; path = Base.lproj/LaunchScreen.storyboard; sourceTree = "<group>"; };
		7FBEB3B11F50636B007A91FF /* Info.plist */ = {isa = PBXFileReference; lastKnownFileType = text.plist.xml; path = Info.plist; sourceTree = "<group>"; };
/* End PBXFileReference section */

/* Begin PBXFrameworksBuildPhase section */
		7FBEB39F1F50636B007A91FF /* Frameworks */ = {
			isa = PBXFrameworksBuildPhase;
			buildActionMask = 2147483647;
			files = (
			);
			runOnlyForDeploymentPostprocessing = 0;
		};
/* End PBXFrameworksBuildPhase section */

/* Begin PBXGroup section */
		7FBEB3991F50636B007A91FF = {
			isa = PBXGroup;
			children = (
				7FBEB3A41F50636B007A91FF /* ChineseZodiac */,
				7FBEB3A31F50636B007A91FF /* Products */,
			);
			sourceTree = "<group>";
		};
		7FBEB3A31F50636B007A91FF /* Products */ = {
			isa = PBXGroup;
			children = (
				7FBEB3A21F50636B007A91FF /* ChineseZodiac.app */,
			);
			name = Products;
			sourceTree = "<group>";
		};
		7FBEB3A41F50636B007A91FF /* ChineseZodiac */ = {
			isa = PBXGroup;
			children = (
				7FBEB3A51F50636B007A91FF /* AppDelegate.swift */,
				7FBEB3A71F50636B007A91FF /* ViewController.swift */,
				7FBEB3A91F50636B007A91FF /* Main.storyboard */,
				7FBEB3AC1F50636B007A91FF /* Assets.xcassets */,
				7FBEB3AE1F50636B007A91FF /* LaunchScreen.storyboard */,
				7FBEB3B11F50636B007A91FF /* Info.plist */,
			);
			path = ChineseZodiac;
			sourceTree = "<group>";
		};
/* End PBXGroup section */

/* Begin PBXNativeTarget section */
		7FBEB3A11F50636B007A91FF /* ChineseZodiac */ = {
			isa = PBXNativeTarget;
			buildConfigurationList = 7FBEB3B41F50636B007A91FF /* Build configuration list for PBXNativeTarget "ChineseZodiac" */;
			buildPhases = (
				7FBEB39E1F50636B007A91FF /* Sources */,
				7FBEB39F1F50636B007A91FF /* Frameworks */,
				7FBEB3A01F50636B007A91FF /* Resources */,
			);
			buildRules = (
			);
			dependencies = (
			);
			name = ChineseZodiac;
			productName = ChineseZodiac;
			productReference = 7FBEB3A21F50636B007A91FF /* ChineseZodiac.app */;
			productType = "com.apple.product-type.application";
		};
/* End PBXNativeTarget section */

/* Begin PBXProject section */
		7FBEB39A1F50636B007A91FF /* Project object */ = {
			isa = PBXProject;
			attributes = {
				LastSwiftUpdateCheck = 0830;
				LastUpgradeCheck = 0830;
				ORGANIZATIONNAME = "巴糖";
				TargetAttributes = {
					7FBEB3A11F50636B007A91FF = {
						CreatedOnToolsVersion = 8.3.3;
						ProvisioningStyle = Automatic;
					};
				};
			};
			buildConfigurationList = 7FBEB39D1F50636B007A91FF /* Build configuration list for PBXProject "ChineseZodiac" */;
			compatibilityVersion = "Xcode 3.2";
			developmentRegion = English;
			hasScannedForEncodings = 0;
			knownRegions = (
				en,
				Base,
			);
			mainGroup = 7FBEB3991F50636B007A91FF;
			productRefGroup = 7FBEB3A31F50636B007A91FF /* Products */;
			projectDirPath = "";
			projectRoot = "";
			targets = (
				7FBEB3A11F50636B007A91FF /* ChineseZodiac */,
			);
		};
/* End PBXProject section */

/* Begin PBXResourcesBuildPhase section */
		7FBEB3A01F50636B007A91FF /* Resources */ = {
			isa = PBXResourcesBuildPhase;
			buildActionMask = 2147483647;
			files = (
				7FBEB3B01F50636B007A91FF /* LaunchScreen.storyboard in Resources */,
				7FBEB3AD1F50636B007A91FF /* Assets.xcassets in Resources */,
				7FBEB3AB1F50636B007A91FF /* Main.storyboard in Resources */,
			);
			runOnlyForDeploymentPostprocessing = 0;
		};
/* End PBXResourcesBuildPhase section */

/* Begin PBXSourcesBuildPhase section */
		7FBEB39E1F50636B007A91FF /* Sources */ = {
			isa = PBXSourcesBuildPhase;
			buildActionMask = 2147483647;
			files = (
				7FBEB3A81F50636B007A91FF /* ViewController.swift in Sources */,
				7FBEB3A61F50636B007A91FF /* AppDelegate.swift in Sources */,
			);
			runOnlyForDeploymentPostprocessing = 0;
		};
/* End PBXSourcesBuildPhase section */

/* Begin PBXVariantGroup section */
		7FBEB3A91F50636B007A91FF /* Main.storyboard */ = {
			isa = PBXVariantGroup;
			children = (
				7FBEB3AA1F50636B007A91FF /* Base */,
			);
			name = Main.storyboard;
			sourceTree = "<group>";
		};
		7FBEB3AE1F50636B007A91FF /* LaunchScreen.storyboard */ = {
			isa = PBXVariantGroup;
			children = (
				7FBEB3AF1F50636B007A91FF /* Base */,
			);
			name = LaunchScreen.storyboard;
			sourceTree = "<group>";
		};
/* End PBXVariantGroup section */

/* Begin XCBuildConfiguration section */
		7FBEB3B21F50636B007A91FF /* Debug */ = {
			isa = XCBuildConfiguration;
			buildSettings = {
				ALWAYS_SEARCH_USER_PATHS = NO;
				CLANG_ANALYZER_NONNULL = YES;
				CLANG_ANALYZER_NUMBER_OBJECT_CONVERSION = YES_AGGRESSIVE;
				CLANG_CXX_LANGUAGE_STANDARD = "gnu++0x";
				CLANG_CXX_LIBRARY = "libc++";
				CLANG_ENABLE_MODULES = YES;
				CLANG_ENABLE_OBJC_ARC = YES;
				CLANG_WARN_BOOL_CONVERSION = YES;
				CLANG_WARN_CONSTANT_CONVERSION = YES;
				CLANG_WARN_DIRECT_OBJC_ISA_USAGE = YES_ERROR;
				CLANG_WARN_DOCUMENTATION_COMMENTS = YES;
				CLANG_WARN_EMPTY_BODY = YES;
				CLANG_WARN_ENUM_CONVERSION = YES;
				CLANG_WARN_INFINITE_RECURSION = YES;
				CLANG_WARN_INT_CONVERSION = YES;
				CLANG_WARN_OBJC_ROOT_CLASS = YES_ERROR;
				CLANG_WARN_SUSPICIOUS_MOVE = YES;
				CLANG_WARN_UNREACHABLE_CODE = YES;
				CLANG_WARN__DUPLICATE_METHOD_MATCH = YES;
				"CODE_SIGN_IDENTITY[sdk=iphoneos*]" = "iPhone Developer";
				COPY_PHASE_STRIP = NO;
				DEBUG_INFORMATION_FORMAT = dwarf;
				ENABLE_STRICT_OBJC_MSGSEND = YES;
				ENABLE_TESTABILITY = YES;
				GCC_C_LANGUAGE_STANDARD = gnu99;
				GCC_DYNAMIC_NO_PIC = NO;
				GCC_NO_COMMON_BLOCKS = YES;
				GCC_OPTIMIZATION_LEVEL = 0;
				GCC_PREPROCESSOR_DEFINITIONS = (
					"DEBUG=1",
					"$(inherited)",
				);
				GCC_WARN_64_TO_32_BIT_CONVERSION = YES;
				GCC_WARN_ABOUT_RETURN_TYPE = YES_ERROR;
				GCC_WARN_UNDECLARED_SELECTOR = YES;
				GCC_WARN_UNINITIALIZED_AUTOS = YES_AGGRESSIVE;
				GCC_WARN_UNUSED_FUNCTION = YES;
				GCC_WARN_UNUSED_VARIABLE = YES;
				IPHONEOS_DEPLOYMENT_TARGET = 10.3;
				MTL_ENABLE_DEBUG_INFO = YES;
				ONLY_ACTIVE_ARCH = YES;
				SDKROOT = iphoneos;
				SWIFT_ACTIVE_COMPILATION_CONDITIONS = DEBUG;
				SWIFT_OPTIMIZATION_LEVEL = "-Onone";
				TARGETED_DEVICE_FAMILY = "1,2";
			};
			name = Debug;
		};
		7FBEB3B31F50636B007A91FF /* Release */ = {
			isa = XCBuildConfiguration;
			buildSettings = {
				ALWAYS_SEARCH_USER_PATHS = NO;
				CLANG_ANALYZER_NONNULL = YES;
				CLANG_ANALYZER_NUMBER_OBJECT_CONVERSION = YES_AGGRESSIVE;
				CLANG_CXX_LANGUAGE_STANDARD = "gnu++0x";
				CLANG_CXX_LIBRARY = "libc++";
				CLANG_ENABLE_MODULES = YES;
				CLANG_ENABLE_OBJC_ARC = YES;
				CLANG_WARN_BOOL_CONVERSION = YES;
				CLANG_WARN_CONSTANT_CONVERSION = YES;
				CLANG_WARN_DIRECT_OBJC_ISA_USAGE = YES_ERROR;
				CLANG_WARN_DOCUMENTATION_COMMENTS = YES;
				CLANG_WARN_EMPTY_BODY = YES;
				CLANG_WARN_ENUM_CONVERSION = YES;
				CLANG_WARN_INFINITE_RECURSION = YES;
				CLANG_WARN_INT_CONVERSION = YES;
				CLANG_WARN_OBJC_ROOT_CLASS = YES_ERROR;
				CLANG_WARN_SUSPICIOUS_MOVE = YES;
				CLANG_WARN_UNREACHABLE_CODE = YES;
				CLANG_WARN__DUPLICATE_METHOD_MATCH = YES;
				"CODE_SIGN_IDENTITY[sdk=iphoneos*]" = "iPhone Developer";
				COPY_PHASE_STRIP = NO;
				DEBUG_INFORMATION_FORMAT = "dwarf-with-dsym";
				ENABLE_NS_ASSERTIONS = NO;
				ENABLE_STRICT_OBJC_MSGSEND = YES;
				GCC_C_LANGUAGE_STANDARD = gnu99;
				GCC_NO_COMMON_BLOCKS = YES;
				GCC_WARN_64_TO_32_BIT_CONVERSION = YES;
				GCC_WARN_ABOUT_RETURN_TYPE = YES_ERROR;
				GCC_WARN_UNDECLARED_SELECTOR = YES;
				GCC_WARN_UNINITIALIZED_AUTOS = YES_AGGRESSIVE;
				GCC_WARN_UNUSED_FUNCTION = YES;
				GCC_WARN_UNUSED_VARIABLE = YES;
				IPHONEOS_DEPLOYMENT_TARGET = 10.3;
				MTL_ENABLE_DEBUG_INFO = NO;
				SDKROOT = iphoneos;
				SWIFT_OPTIMIZATION_LEVEL = "-Owholemodule";
				TARGETED_DEVICE_FAMILY = "1,2";
				VALIDATE_PRODUCT = YES;
			};
			name = Release;
		};
		7FBEB3B51F50636B007A91FF /* Debug */ = {
			isa = XCBuildConfiguration;
			buildSettings = {
				ASSETCATALOG_COMPILER_APPICON_NAME = AppIcon;
				INFOPLIST_FILE = ChineseZodiac/Info.plist;
				LD_RUNPATH_SEARCH_PATHS = "$(inherited) @executable_path/Frameworks";
				PRODUCT_BUNDLE_IDENTIFIER = com.wxpasta.com.ChineseZodiac;
				PRODUCT_NAME = "$(TARGET_NAME)";
				SWIFT_VERSION = 3.0;
			};
			name = Debug;
		};
		7FBEB3B61F50636B007A91FF /* Release */ = {
			isa = XCBuildConfiguration;
			buildSettings = {
				ASSETCATALOG_COMPILER_APPICON_NAME = AppIcon;
				INFOPLIST_FILE = ChineseZodiac/Info.plist;
				LD_RUNPATH_SEARCH_PATHS = "$(inherited) @executable_path/Frameworks";
				PRODUCT_BUNDLE_IDENTIFIER = com.wxpasta.com.ChineseZodiac;
				PRODUCT_NAME = "$(TARGET_NAME)";
				SWIFT_VERSION = 3.0;
			};
			name = Release;
		};
/* End XCBuildConfiguration section */

/* Begin XCConfigurationList section */
		7FBEB39D1F50636B007A91FF /* Build configuration list for PBXProject "ChineseZodiac" */ = {
			isa = XCConfigurationList;
			buildConfigurations = (
				7FBEB3B21F50636B007A91FF /* Debug */,
				7FBEB3B31F50636B007A91FF /* Release */,
			);
			defaultConfigurationIsVisible = 0;
			defaultConfigurationName = Release;
		};
		7FBEB3B41F50636B007A91FF /* Build configuration list for PBXNativeTarget "ChineseZodiac" */ = {
			isa = XCConfigurationList;
			buildConfigurations = (
				7FBEB3B51F50636B007A91FF /* Debug */,
				7FBEB3B61F50636B007A91FF /* Release */,
			);
			defaultConfigurationIsVisible = 0;
		};
/* End XCConfigurationList section */
	};
	rootObject = 7FBEB39A1F50636B007A91FF /* Project object */;
}
