// !$*UTF8*$!
{
	archiveVersion = 1;
	classes = {
	};
	objectVersion = 46;
	objects = {

/* Begin PBXBuildFile section */
		7F13C3F21F58203A002F2ADA /* AppDelegate.swift in Sources */ = {isa = PBXBuildFile; fileRef = 7F13C3F11F58203A002F2ADA /* AppDelegate.swift */; };
		7F13C3F41F58203A002F2ADA /* ViewController.swift in Sources */ = {isa = PBXBuildFile; fileRef = 7F13C3F31F58203A002F2ADA /* ViewController.swift */; };
		7F13C3F71F58203A002F2ADA /* Main.storyboard in Resources */ = {isa = PBXBuildFile; fileRef = 7F13C3F51F58203A002F2ADA /* Main.storyboard */; };
		7F13C3F91F58203A002F2ADA /* Assets.xcassets in Resources */ = {isa = PBXBuildFile; fileRef = 7F13C3F81F58203A002F2ADA /* Assets.xcassets */; };
		7F13C3FC1F58203A002F2ADA /* LaunchScreen.storyboard in Resources */ = {isa = PBXBuildFile; fileRef = 7F13C3FA1F58203A002F2ADA /* LaunchScreen.storyboard */; };
		7F13C40A1F58209A002F2ADA /* AppDelegate.swift in Sources */ = {isa = PBXBuildFile; fileRef = 7F13C4091F58209A002F2ADA /* AppDelegate.swift */; };
		7F13C40C1F58209A002F2ADA /* ViewController.swift in Sources */ = {isa = PBXBuildFile; fileRef = 7F13C40B1F58209A002F2ADA /* ViewController.swift */; };
		7F13C40F1F58209A002F2ADA /* Main.storyboard in Resources */ = {isa = PBXBuildFile; fileRef = 7F13C40D1F58209A002F2ADA /* Main.storyboard */; };
		7F13C4111F58209A002F2ADA /* Assets.xcassets in Resources */ = {isa = PBXBuildFile; fileRef = 7F13C4101F58209A002F2ADA /* Assets.xcassets */; };
		7F13C4141F58209A002F2ADA /* LaunchScreen.storyboard in Resources */ = {isa = PBXBuildFile; fileRef = 7F13C4121F58209A002F2ADA /* LaunchScreen.storyboard */; };
		7F13C41A1F5820D4002F2ADA /* CalculatorBrain.swift in Sources */ = {isa = PBXBuildFile; fileRef = 7F13C4191F5820D4002F2ADA /* CalculatorBrain.swift */; };
		7F13C4221F58212A002F2ADA /* AppDelegate.swift in Sources */ = {isa = PBXBuildFile; fileRef = 7F13C4211F58212A002F2ADA /* AppDelegate.swift */; };
		7F13C4241F58212A002F2ADA /* ViewController.swift in Sources */ = {isa = PBXBuildFile; fileRef = 7F13C4231F58212A002F2ADA /* ViewController.swift */; };
		7F13C4271F58212A002F2ADA /* Main.storyboard in Resources */ = {isa = PBXBuildFile; fileRef = 7F13C4251F58212A002F2ADA /* Main.storyboard */; };
		7F13C4291F58212A002F2ADA /* Assets.xcassets in Resources */ = {isa = PBXBuildFile; fileRef = 7F13C4281F58212A002F2ADA /* Assets.xcassets */; };
		7F13C42C1F58212A002F2ADA /* LaunchScreen.storyboard in Resources */ = {isa = PBXBuildFile; fileRef = 7F13C42A1F58212A002F2ADA /* LaunchScreen.storyboard */; };
/* End PBXBuildFile section */

/* Begin PBXFileReference section */
		7F13C3EE1F58203A002F2ADA /* SwiftCode.app */ = {isa = PBXFileReference; explicitFileType = wrapper.application; includeInIndex = 0; path = SwiftCode.app; sourceTree = BUILT_PRODUCTS_DIR; };
		7F13C3F11F58203A002F2ADA /* AppDelegate.swift */ = {isa = PBXFileReference; lastKnownFileType = sourcecode.swift; path = AppDelegate.swift; sourceTree = "<group>"; };
		7F13C3F31F58203A002F2ADA /* ViewController.swift */ = {isa = PBXFileReference; lastKnownFileType = sourcecode.swift; path = ViewController.swift; sourceTree = "<group>"; };
		7F13C3F61F58203A002F2ADA /* Base */ = {isa = PBXFileReference; lastKnownFileType = file.storyboard; name = Base; path = Base.lproj/Main.storyboard; sourceTree = "<group>"; };
		7F13C3F81F58203A002F2ADA /* Assets.xcassets */ = {isa = PBXFileReference; lastKnownFileType = folder.assetcatalog; path = Assets.xcassets; sourceTree = "<group>"; };
		7F13C3FB1F58203A002F2ADA /* Base */ = {isa = PBXFileReference; lastKnownFileType = file.storyboard; name = Base; path = Base.lproj/LaunchScreen.storyboard; sourceTree = "<group>"; };
		7F13C3FD1F58203A002F2ADA /* Info.plist */ = {isa = PBXFileReference; lastKnownFileType = text.plist.xml; path = Info.plist; sourceTree = "<group>"; };
		7F13C4071F58209A002F2ADA /* Calculator.app */ = {isa = PBXFileReference; explicitFileType = wrapper.application; includeInIndex = 0; path = Calculator.app; sourceTree = BUILT_PRODUCTS_DIR; };
		7F13C4091F58209A002F2ADA /* AppDelegate.swift */ = {isa = PBXFileReference; lastKnownFileType = sourcecode.swift; path = AppDelegate.swift; sourceTree = "<group>"; };
		7F13C40B1F58209A002F2ADA /* ViewController.swift */ = {isa = PBXFileReference; lastKnownFileType = sourcecode.swift; path = ViewController.swift; sourceTree = "<group>"; };
		7F13C40E1F58209A002F2ADA /* Base */ = {isa = PBXFileReference; lastKnownFileType = file.storyboard; name = Base; path = Base.lproj/Main.storyboard; sourceTree = "<group>"; };
		7F13C4101F58209A002F2ADA /* Assets.xcassets */ = {isa = PBXFileReference; lastKnownFileType = folder.assetcatalog; path = Assets.xcassets; sourceTree = "<group>"; };
		7F13C4131F58209A002F2ADA /* Base */ = {isa = PBXFileReference; lastKnownFileType = file.storyboard; name = Base; path = Base.lproj/LaunchScreen.storyboard; sourceTree = "<group>"; };
		7F13C4151F58209A002F2ADA /* Info.plist */ = {isa = PBXFileReference; lastKnownFileType = text.plist.xml; path = Info.plist; sourceTree = "<group>"; };
		7F13C4191F5820D4002F2ADA /* CalculatorBrain.swift */ = {isa = PBXFileReference; fileEncoding = 4; lastKnownFileType = sourcecode.swift; path = CalculatorBrain.swift; sourceTree = "<group>"; };
		7F13C41F1F58212A002F2ADA /* ChineseZodiac.app */ = {isa = PBXFileReference; explicitFileType = wrapper.application; includeInIndex = 0; path = ChineseZodiac.app; sourceTree = BUILT_PRODUCTS_DIR; };
		7F13C4211F58212A002F2ADA /* AppDelegate.swift */ = {isa = PBXFileReference; lastKnownFileType = sourcecode.swift; path = AppDelegate.swift; sourceTree = "<group>"; };
		7F13C4231F58212A002F2ADA /* ViewController.swift */ = {isa = PBXFileReference; lastKnownFileType = sourcecode.swift; path = ViewController.swift; sourceTree = "<group>"; };
		7F13C4261F58212A002F2ADA /* Base */ = {isa = PBXFileReference; lastKnownFileType = file.storyboard; name = Base; path = Base.lproj/Main.storyboard; sourceTree = "<group>"; };
		7F13C4281F58212A002F2ADA /* Assets.xcassets */ = {isa = PBXFileReference; lastKnownFileType = folder.assetcatalog; path = Assets.xcassets; sourceTree = "<group>"; };
		7F13C42B1F58212A002F2ADA /* Base */ = {isa = PBXFileReference; lastKnownFileType = file.storyboard; name = Base; path = Base.lproj/LaunchScreen.storyboard; sourceTree = "<group>"; };
		7F13C42D1F58212A002F2ADA /* Info.plist */ = {isa = PBXFileReference; lastKnownFileType = text.plist.xml; path = Info.plist; sourceTree = "<group>"; };
/* End PBXFileReference section */

/* Begin PBXFrameworksBuildPhase section */
		7F13C3EB1F58203A002F2ADA /* Frameworks */ = {
			isa = PBXFrameworksBuildPhase;
			buildActionMask = 2147483647;
			files = (
			);
			runOnlyForDeploymentPostprocessing = 0;
		};
		7F13C4041F58209A002F2ADA /* Frameworks */ = {
			isa = PBXFrameworksBuildPhase;
			buildActionMask = 2147483647;
			files = (
			);
			runOnlyForDeploymentPostprocessing = 0;
		};
		7F13C41C1F58212A002F2ADA /* Frameworks */ = {
			isa = PBXFrameworksBuildPhase;
			buildActionMask = 2147483647;
			files = (
			);
			runOnlyForDeploymentPostprocessing = 0;
		};
/* End PBXFrameworksBuildPhase section */

/* Begin PBXGroup section */
		7F13C3E51F58203A002F2ADA = {
			isa = PBXGroup;
			children = (
				7F13C3F01F58203A002F2ADA /* SwiftCode */,
				7F13C4081F58209A002F2ADA /* Calculator */,
				7F13C4201F58212A002F2ADA /* ChineseZodiac */,
				7F13C3EF1F58203A002F2ADA /* Products */,
			);
			sourceTree = "<group>";
		};
		7F13C3EF1F58203A002F2ADA /* Products */ = {
			isa = PBXGroup;
			children = (
				7F13C3EE1F58203A002F2ADA /* SwiftCode.app */,
				7F13C4071F58209A002F2ADA /* Calculator.app */,
				7F13C41F1F58212A002F2ADA /* ChineseZodiac.app */,
			);
			name = Products;
			sourceTree = "<group>";
		};
		7F13C3F01F58203A002F2ADA /* SwiftCode */ = {
			isa = PBXGroup;
			children = (
				7F13C3F11F58203A002F2ADA /* AppDelegate.swift */,
				7F13C3F31F58203A002F2ADA /* ViewController.swift */,
				7F13C3F51F58203A002F2ADA /* Main.storyboard */,
				7F13C3F81F58203A002F2ADA /* Assets.xcassets */,
				7F13C3FA1F58203A002F2ADA /* LaunchScreen.storyboard */,
				7F13C3FD1F58203A002F2ADA /* Info.plist */,
			);
			path = SwiftCode;
			sourceTree = "<group>";
		};
		7F13C4081F58209A002F2ADA /* Calculator */ = {
			isa = PBXGroup;
			children = (
				7F13C4191F5820D4002F2ADA /* CalculatorBrain.swift */,
				7F13C4091F58209A002F2ADA /* AppDelegate.swift */,
				7F13C40B1F58209A002F2ADA /* ViewController.swift */,
				7F13C40D1F58209A002F2ADA /* Main.storyboard */,
				7F13C4101F58209A002F2ADA /* Assets.xcassets */,
				7F13C4121F58209A002F2ADA /* LaunchScreen.storyboard */,
				7F13C4151F58209A002F2ADA /* Info.plist */,
			);
			path = Calculator;
			sourceTree = "<group>";
		};
		7F13C4201F58212A002F2ADA /* ChineseZodiac */ = {
			isa = PBXGroup;
			children = (
				7F13C4211F58212A002F2ADA /* AppDelegate.swift */,
				7F13C4231F58212A002F2ADA /* ViewController.swift */,
				7F13C4251F58212A002F2ADA /* Main.storyboard */,
				7F13C4281F58212A002F2ADA /* Assets.xcassets */,
				7F13C42A1F58212A002F2ADA /* LaunchScreen.storyboard */,
				7F13C42D1F58212A002F2ADA /* Info.plist */,
			);
			path = ChineseZodiac;
			sourceTree = "<group>";
		};
/* End PBXGroup section */

/* Begin PBXNativeTarget section */
		7F13C3ED1F58203A002F2ADA /* SwiftCode */ = {
			isa = PBXNativeTarget;
			buildConfigurationList = 7F13C4001F58203A002F2ADA /* Build configuration list for PBXNativeTarget "SwiftCode" */;
			buildPhases = (
				7F13C3EA1F58203A002F2ADA /* Sources */,
				7F13C3EB1F58203A002F2ADA /* Frameworks */,
				7F13C3EC1F58203A002F2ADA /* Resources */,
			);
			buildRules = (
			);
			dependencies = (
			);
			name = SwiftCode;
			productName = SwiftCode;
			productReference = 7F13C3EE1F58203A002F2ADA /* SwiftCode.app */;
			productType = "com.apple.product-type.application";
		};
		7F13C4061F58209A002F2ADA /* Calculator */ = {
			isa = PBXNativeTarget;
			buildConfigurationList = 7F13C4161F58209A002F2ADA /* Build configuration list for PBXNativeTarget "Calculator" */;
			buildPhases = (
				7F13C4031F58209A002F2ADA /* Sources */,
				7F13C4041F58209A002F2ADA /* Frameworks */,
				7F13C4051F58209A002F2ADA /* Resources */,
			);
			buildRules = (
			);
			dependencies = (
			);
			name = Calculator;
			productName = Calculator;
			productReference = 7F13C4071F58209A002F2ADA /* Calculator.app */;
			productType = "com.apple.product-type.application";
		};
		7F13C41E1F58212A002F2ADA /* ChineseZodiac */ = {
			isa = PBXNativeTarget;
			buildConfigurationList = 7F13C42E1F58212A002F2ADA /* Build configuration list for PBXNativeTarget "ChineseZodiac" */;
			buildPhases = (
				7F13C41B1F58212A002F2ADA /* Sources */,
				7F13C41C1F58212A002F2ADA /* Frameworks */,
				7F13C41D1F58212A002F2ADA /* Resources */,
			);
			buildRules = (
			);
			dependencies = (
			);
			name = ChineseZodiac;
			productName = ChineseZodiac;
			productReference = 7F13C41F1F58212A002F2ADA /* ChineseZodiac.app */;
			productType = "com.apple.product-type.application";
		};
/* End PBXNativeTarget section */

/* Begin PBXProject section */
		7F13C3E61F58203A002F2ADA /* Project object */ = {
			isa = PBXProject;
			attributes = {
				LastSwiftUpdateCheck = 0830;
				LastUpgradeCheck = 0900;
				ORGANIZATIONNAME = "巴糖";
				TargetAttributes = {
					7F13C3ED1F58203A002F2ADA = {
						CreatedOnToolsVersion = 8.3.3;
						LastSwiftMigration = 0900;
						ProvisioningStyle = Automatic;
					};
					7F13C4061F58209A002F2ADA = {
						CreatedOnToolsVersion = 8.3.3;
						LastSwiftMigration = 0900;
						ProvisioningStyle = Automatic;
					};
					7F13C41E1F58212A002F2ADA = {
						CreatedOnToolsVersion = 8.3.3;
						ProvisioningStyle = Automatic;
					};
				};
			};
			buildConfigurationList = 7F13C3E91F58203A002F2ADA /* Build configuration list for PBXProject "SwiftCode" */;
			compatibilityVersion = "Xcode 3.2";
			developmentRegion = English;
			hasScannedForEncodings = 0;
			knownRegions = (
				en,
				Base,
			);
			mainGroup = 7F13C3E51F58203A002F2ADA;
			productRefGroup = 7F13C3EF1F58203A002F2ADA /* Products */;
			projectDirPath = "";
			projectRoot = "";
			targets = (
				7F13C3ED1F58203A002F2ADA /* SwiftCode */,
				7F13C4061F58209A002F2ADA /* Calculator */,
				7F13C41E1F58212A002F2ADA /* ChineseZodiac */,
			);
		};
/* End PBXProject section */

/* Begin PBXResourcesBuildPhase section */
		7F13C3EC1F58203A002F2ADA /* Resources */ = {
			isa = PBXResourcesBuildPhase;
			buildActionMask = 2147483647;
			files = (
				7F13C3FC1F58203A002F2ADA /* LaunchScreen.storyboard in Resources */,
				7F13C3F91F58203A002F2ADA /* Assets.xcassets in Resources */,
				7F13C3F71F58203A002F2ADA /* Main.storyboard in Resources */,
			);
			runOnlyForDeploymentPostprocessing = 0;
		};
		7F13C4051F58209A002F2ADA /* Resources */ = {
			isa = PBXResourcesBuildPhase;
			buildActionMask = 2147483647;
			files = (
				7F13C4141F58209A002F2ADA /* LaunchScreen.storyboard in Resources */,
				7F13C4111F58209A002F2ADA /* Assets.xcassets in Resources */,
				7F13C40F1F58209A002F2ADA /* Main.storyboard in Resources */,
			);
			runOnlyForDeploymentPostprocessing = 0;
		};
		7F13C41D1F58212A002F2ADA /* Resources */ = {
			isa = PBXResourcesBuildPhase;
			buildActionMask = 2147483647;
			files = (
				7F13C42C1F58212A002F2ADA /* LaunchScreen.storyboard in Resources */,
				7F13C4291F58212A002F2ADA /* Assets.xcassets in Resources */,
				7F13C4271F58212A002F2ADA /* Main.storyboard in Resources */,
			);
			runOnlyForDeploymentPostprocessing = 0;
		};
/* End PBXResourcesBuildPhase section */

/* Begin PBXSourcesBuildPhase section */
		7F13C3EA1F58203A002F2ADA /* Sources */ = {
			isa = PBXSourcesBuildPhase;
			buildActionMask = 2147483647;
			files = (
				7F13C3F41F58203A002F2ADA /* ViewController.swift in Sources */,
				7F13C3F21F58203A002F2ADA /* AppDelegate.swift in Sources */,
			);
			runOnlyForDeploymentPostprocessing = 0;
		};
		7F13C4031F58209A002F2ADA /* Sources */ = {
			isa = PBXSourcesBuildPhase;
			buildActionMask = 2147483647;
			files = (
				7F13C41A1F5820D4002F2ADA /* CalculatorBrain.swift in Sources */,
				7F13C40C1F58209A002F2ADA /* ViewController.swift in Sources */,
				7F13C40A1F58209A002F2ADA /* AppDelegate.swift in Sources */,
			);
			runOnlyForDeploymentPostprocessing = 0;
		};
		7F13C41B1F58212A002F2ADA /* Sources */ = {
			isa = PBXSourcesBuildPhase;
			buildActionMask = 2147483647;
			files = (
				7F13C4241F58212A002F2ADA /* ViewController.swift in Sources */,
				7F13C4221F58212A002F2ADA /* AppDelegate.swift in Sources */,
			);
			runOnlyForDeploymentPostprocessing = 0;
		};
/* End PBXSourcesBuildPhase section */

/* Begin PBXVariantGroup section */
		7F13C3F51F58203A002F2ADA /* Main.storyboard */ = {
			isa = PBXVariantGroup;
			children = (
				7F13C3F61F58203A002F2ADA /* Base */,
			);
			name = Main.storyboard;
			sourceTree = "<group>";
		};
		7F13C3FA1F58203A002F2ADA /* LaunchScreen.storyboard */ = {
			isa = PBXVariantGroup;
			children = (
				7F13C3FB1F58203A002F2ADA /* Base */,
			);
			name = LaunchScreen.storyboard;
			sourceTree = "<group>";
		};
		7F13C40D1F58209A002F2ADA /* Main.storyboard */ = {
			isa = PBXVariantGroup;
			children = (
				7F13C40E1F58209A002F2ADA /* Base */,
			);
			name = Main.storyboard;
			sourceTree = "<group>";
		};
		7F13C4121F58209A002F2ADA /* LaunchScreen.storyboard */ = {
			isa = PBXVariantGroup;
			children = (
				7F13C4131F58209A002F2ADA /* Base */,
			);
			name = LaunchScreen.storyboard;
			sourceTree = "<group>";
		};
		7F13C4251F58212A002F2ADA /* Main.storyboard */ = {
			isa = PBXVariantGroup;
			children = (
				7F13C4261F58212A002F2ADA /* Base */,
			);
			name = Main.storyboard;
			sourceTree = "<group>";
		};
		7F13C42A1F58212A002F2ADA /* LaunchScreen.storyboard */ = {
			isa = PBXVariantGroup;
			children = (
				7F13C42B1F58212A002F2ADA /* Base */,
			);
			name = LaunchScreen.storyboard;
			sourceTree = "<group>";
		};
/* End PBXVariantGroup section */

/* Begin XCBuildConfiguration section */
		7F13C3FE1F58203A002F2ADA /* Debug */ = {
			isa = XCBuildConfiguration;
			buildSettings = {
				ALWAYS_SEARCH_USER_PATHS = NO;
				CLANG_ANALYZER_NONNULL = YES;
				CLANG_ANALYZER_NUMBER_OBJECT_CONVERSION = YES_AGGRESSIVE;
				CLANG_CXX_LANGUAGE_STANDARD = "gnu++0x";
				CLANG_CXX_LIBRARY = "libc++";
				CLANG_ENABLE_MODULES = YES;
				CLANG_ENABLE_OBJC_ARC = YES;
				CLANG_WARN_BLOCK_CAPTURE_AUTORELEASING = YES;
				CLANG_WARN_BOOL_CONVERSION = YES;
				CLANG_WARN_COMMA = YES;
				CLANG_WARN_CONSTANT_CONVERSION = YES;
				CLANG_WARN_DIRECT_OBJC_ISA_USAGE = YES_ERROR;
				CLANG_WARN_DOCUMENTATION_COMMENTS = YES;
				CLANG_WARN_EMPTY_BODY = YES;
				CLANG_WARN_ENUM_CONVERSION = YES;
				CLANG_WARN_INFINITE_RECURSION = YES;
				CLANG_WARN_INT_CONVERSION = YES;
				CLANG_WARN_NON_LITERAL_NULL_CONVERSION = YES;
				CLANG_WARN_OBJC_LITERAL_CONVERSION = YES;
				CLANG_WARN_OBJC_ROOT_CLASS = YES_ERROR;
				CLANG_WARN_RANGE_LOOP_ANALYSIS = YES;
				CLANG_WARN_STRICT_PROTOTYPES = YES;
				CLANG_WARN_SUSPICIOUS_MOVE = YES;
				CLANG_WARN_UNREACHABLE_CODE = YES;
				CLANG_WARN__DUPLICATE_METHOD_MATCH = YES;
				"CODE_SIGN_IDENTITY[sdk=iphoneos*]" = "iPhone Developer";
				COPY_PHASE_STRIP = NO;
				DEBUG_INFORMATION_FORMAT = dwarf;
				ENABLE_STRICT_OBJC_MSGSEND = YES;
				ENABLE_TESTABILITY = YES;
				GCC_C_LANGUAGE_STANDARD = gnu99;
				GCC_DYNAMIC_NO_PIC = NO;
				GCC_NO_COMMON_BLOCKS = YES;
				GCC_OPTIMIZATION_LEVEL = 0;
				GCC_PREPROCESSOR_DEFINITIONS = (
					"DEBUG=1",
					"$(inherited)",
				);
				GCC_WARN_64_TO_32_BIT_CONVERSION = YES;
				GCC_WARN_ABOUT_RETURN_TYPE = YES_ERROR;
				GCC_WARN_UNDECLARED_SELECTOR = YES;
				GCC_WARN_UNINITIALIZED_AUTOS = YES_AGGRESSIVE;
				GCC_WARN_UNUSED_FUNCTION = YES;
				GCC_WARN_UNUSED_VARIABLE = YES;
				IPHONEOS_DEPLOYMENT_TARGET = 10.3;
				MTL_ENABLE_DEBUG_INFO = YES;
				ONLY_ACTIVE_ARCH = YES;
				SDKROOT = iphoneos;
				SWIFT_ACTIVE_COMPILATION_CONDITIONS = DEBUG;
				SWIFT_OPTIMIZATION_LEVEL = "-Onone";
				TARGETED_DEVICE_FAMILY = "1,2";
			};
			name = Debug;
		};
		7F13C3FF1F58203A002F2ADA /* Release */ = {
			isa = XCBuildConfiguration;
			buildSettings = {
				ALWAYS_SEARCH_USER_PATHS = NO;
				CLANG_ANALYZER_NONNULL = YES;
				CLANG_ANALYZER_NUMBER_OBJECT_CONVERSION = YES_AGGRESSIVE;
				CLANG_CXX_LANGUAGE_STANDARD = "gnu++0x";
				CLANG_CXX_LIBRARY = "libc++";
				CLANG_ENABLE_MODULES = YES;
				CLANG_ENABLE_OBJC_ARC = YES;
				CLANG_WARN_BLOCK_CAPTURE_AUTORELEASING = YES;
				CLANG_WARN_BOOL_CONVERSION = YES;
				CLANG_WARN_COMMA = YES;
				CLANG_WARN_CONSTANT_CONVERSION = YES;
				CLANG_WARN_DIRECT_OBJC_ISA_USAGE = YES_ERROR;
				CLANG_WARN_DOCUMENTATION_COMMENTS = YES;
				CLANG_WARN_EMPTY_BODY = YES;
				CLANG_WARN_ENUM_CONVERSION = YES;
				CLANG_WARN_INFINITE_RECURSION = YES;
				CLANG_WARN_INT_CONVERSION = YES;
				CLANG_WARN_NON_LITERAL_NULL_CONVERSION = YES;
				CLANG_WARN_OBJC_LITERAL_CONVERSION = YES;
				CLANG_WARN_OBJC_ROOT_CLASS = YES_ERROR;
				CLANG_WARN_RANGE_LOOP_ANALYSIS = YES;
				CLANG_WARN_STRICT_PROTOTYPES = YES;
				CLANG_WARN_SUSPICIOUS_MOVE = YES;
				CLANG_WARN_UNREACHABLE_CODE = YES;
				CLANG_WARN__DUPLICATE_METHOD_MATCH = YES;
				"CODE_SIGN_IDENTITY[sdk=iphoneos*]" = "iPhone Developer";
				COPY_PHASE_STRIP = NO;
				DEBUG_INFORMATION_FORMAT = "dwarf-with-dsym";
				ENABLE_NS_ASSERTIONS = NO;
				ENABLE_STRICT_OBJC_MSGSEND = YES;
				GCC_C_LANGUAGE_STANDARD = gnu99;
				GCC_NO_COMMON_BLOCKS = YES;
				GCC_WARN_64_TO_32_BIT_CONVERSION = YES;
				GCC_WARN_ABOUT_RETURN_TYPE = YES_ERROR;
				GCC_WARN_UNDECLARED_SELECTOR = YES;
				GCC_WARN_UNINITIALIZED_AUTOS = YES_AGGRESSIVE;
				GCC_WARN_UNUSED_FUNCTION = YES;
				GCC_WARN_UNUSED_VARIABLE = YES;
				IPHONEOS_DEPLOYMENT_TARGET = 10.3;
				MTL_ENABLE_DEBUG_INFO = NO;
				SDKROOT = iphoneos;
				SWIFT_OPTIMIZATION_LEVEL = "-Owholemodule";
				TARGETED_DEVICE_FAMILY = "1,2";
				VALIDATE_PRODUCT = YES;
			};
			name = Release;
		};
		7F13C4011F58203A002F2ADA /* Debug */ = {
			isa = XCBuildConfiguration;
			buildSettings = {
				ASSETCATALOG_COMPILER_APPICON_NAME = AppIcon;
				INFOPLIST_FILE = SwiftCode/Info.plist;
				LD_RUNPATH_SEARCH_PATHS = "$(inherited) @executable_path/Frameworks";
				PRODUCT_BUNDLE_IDENTIFIER = com.wxpasta.com.SwiftCode;
				PRODUCT_NAME = "$(TARGET_NAME)";
				SWIFT_SWIFT3_OBJC_INFERENCE = On;
				SWIFT_VERSION = 4.0;
			};
			name = Debug;
		};
		7F13C4021F58203A002F2ADA /* Release */ = {
			isa = XCBuildConfiguration;
			buildSettings = {
				ASSETCATALOG_COMPILER_APPICON_NAME = AppIcon;
				INFOPLIST_FILE = SwiftCode/Info.plist;
				LD_RUNPATH_SEARCH_PATHS = "$(inherited) @executable_path/Frameworks";
				PRODUCT_BUNDLE_IDENTIFIER = com.wxpasta.com.SwiftCode;
				PRODUCT_NAME = "$(TARGET_NAME)";
				SWIFT_SWIFT3_OBJC_INFERENCE = On;
				SWIFT_VERSION = 4.0;
			};
			name = Release;
		};
		7F13C4171F58209A002F2ADA /* Debug */ = {
			isa = XCBuildConfiguration;
			buildSettings = {
				ASSETCATALOG_COMPILER_APPICON_NAME = AppIcon;
				INFOPLIST_FILE = Calculator/Info.plist;
				LD_RUNPATH_SEARCH_PATHS = "$(inherited) @executable_path/Frameworks";
				PRODUCT_BUNDLE_IDENTIFIER = com.wxpasta.com.Calculator;
				PRODUCT_NAME = "$(TARGET_NAME)";
				SWIFT_SWIFT3_OBJC_INFERENCE = On;
				SWIFT_VERSION = 4.0;
			};
			name = Debug;
		};
		7F13C4181F58209A002F2ADA /* Release */ = {
			isa = XCBuildConfiguration;
			buildSettings = {
				ASSETCATALOG_COMPILER_APPICON_NAME = AppIcon;
				INFOPLIST_FILE = Calculator/Info.plist;
				LD_RUNPATH_SEARCH_PATHS = "$(inherited) @executable_path/Frameworks";
				PRODUCT_BUNDLE_IDENTIFIER = com.wxpasta.com.Calculator;
				PRODUCT_NAME = "$(TARGET_NAME)";
				SWIFT_SWIFT3_OBJC_INFERENCE = On;
				SWIFT_VERSION = 4.0;
			};
			name = Release;
		};
		7F13C42F1F58212A002F2ADA /* Debug */ = {
			isa = XCBuildConfiguration;
			buildSettings = {
				ASSETCATALOG_COMPILER_APPICON_NAME = AppIcon;
				INFOPLIST_FILE = ChineseZodiac/Info.plist;
				LD_RUNPATH_SEARCH_PATHS = "$(inherited) @executable_path/Frameworks";
				PRODUCT_BUNDLE_IDENTIFIER = com.wxpasta.com.ChineseZodiac;
				PRODUCT_NAME = "$(TARGET_NAME)";
				SWIFT_VERSION = 3.0;
			};
			name = Debug;
		};
		7F13C4301F58212A002F2ADA /* Release */ = {
			isa = XCBuildConfiguration;
			buildSettings = {
				ASSETCATALOG_COMPILER_APPICON_NAME = AppIcon;
				INFOPLIST_FILE = ChineseZodiac/Info.plist;
				LD_RUNPATH_SEARCH_PATHS = "$(inherited) @executable_path/Frameworks";
				PRODUCT_BUNDLE_IDENTIFIER = com.wxpasta.com.ChineseZodiac;
				PRODUCT_NAME = "$(TARGET_NAME)";
				SWIFT_VERSION = 3.0;
			};
			name = Release;
		};
/* End XCBuildConfiguration section */

/* Begin XCConfigurationList section */
		7F13C3E91F58203A002F2ADA /* Build configuration list for PBXProject "SwiftCode" */ = {
			isa = XCConfigurationList;
			buildConfigurations = (
				7F13C3FE1F58203A002F2ADA /* Debug */,
				7F13C3FF1F58203A002F2ADA /* Release */,
			);
			defaultConfigurationIsVisible = 0;
			defaultConfigurationName = Release;
		};
		7F13C4001F58203A002F2ADA /* Build configuration list for PBXNativeTarget "SwiftCode" */ = {
			isa = XCConfigurationList;
			buildConfigurations = (
				7F13C4011F58203A002F2ADA /* Debug */,
				7F13C4021F58203A002F2ADA /* Release */,
			);
			defaultConfigurationIsVisible = 0;
			defaultConfigurationName = Release;
		};
		7F13C4161F58209A002F2ADA /* Build configuration list for PBXNativeTarget "Calculator" */ = {
			isa = XCConfigurationList;
			buildConfigurations = (
				7F13C4171F58209A002F2ADA /* Debug */,
				7F13C4181F58209A002F2ADA /* Release */,
			);
			defaultConfigurationIsVisible = 0;
			defaultConfigurationName = Release;
		};
		7F13C42E1F58212A002F2ADA /* Build configuration list for PBXNativeTarget "ChineseZodiac" */ = {
			isa = XCConfigurationList;
			buildConfigurations = (
				7F13C42F1F58212A002F2ADA /* Debug */,
				7F13C4301F58212A002F2ADA /* Release */,
			);
			defaultConfigurationIsVisible = 0;
			defaultConfigurationName = Release;
		};
/* End XCConfigurationList section */
	};
	rootObject = 7F13C3E61F58203A002F2ADA /* Project object */;
}
